
Microsoft Visual Studio Solution File, Format Version 12.00
# Visual Studio 15
VisualStudioVersion = 15.0.28307.705
MinimumVisualStudioVersion = 10.0.40219.1
Project("{FAE04EC0-301F-11D3-BF4B-00C04F79EFBC}") = "iep-project", "iep-project\iep-project.csproj", "{1DEDF1A6-6416-4F82-9C48-F6A1115E500D}"
EndProject
Global
	GlobalSection(SolutionConfigurationPlatforms) = preSolution
		Debug|Any CPU = Debug|Any CPU
		Release|Any CPU = Release|Any CPU
	EndGlobalSection
	GlobalSection(ProjectConfigurationPlatforms) = postSolution
		{1DEDF1A6-6416-4F82-9C48-F6A1115E500D}.Debug|Any CPU.ActiveCfg = Debug|Any CPU
		{1DEDF1A6-6416-4F82-9C48-F6A1115E500D}.Debug|Any CPU.Build.0 = Debug|Any CPU
		{1DEDF1A6-6416-4F82-9C48-F6A1115E500D}.Release|Any CPU.ActiveCfg = Release|Any CPU
		{1DEDF1A6-6416-4F82-9C48-F6A1115E500D}.Release|Any CPU.Build.0 = Release|Any CPU
	EndGlobalSection
	GlobalSection(SolutionProperties) = preSolution
		HideSolutionNode = FALSE
	EndGlobalSection
	GlobalSection(ExtensibilityGlobals) = postSolution
		SolutionGuid = {2A75DF13-2787-4E2E-A89D-F413E9A6F307}
	EndGlobalSection
EndGlobal
